// !$*UTF8*$!
{
	archiveVersion = 1;
	classes = {
	};
	objectVersion = 46;
	objects = {

/* Begin PBXBuildFile section */
		CD3D66241B1D9371004AD1FE /* AppDelegate.swift in Sources */ = {isa = PBXBuildFile; fileRef = CD3D66231B1D9371004AD1FE /* AppDelegate.swift */; };
		CD3D66261B1D9371004AD1FE /* MasterViewController.swift in Sources */ = {isa = PBXBuildFile; fileRef = CD3D66251B1D9371004AD1FE /* MasterViewController.swift */; };
		CD3D66281B1D9371004AD1FE /* DetailViewController.swift in Sources */ = {isa = PBXBuildFile; fileRef = CD3D66271B1D9371004AD1FE /* DetailViewController.swift */; };
		CD3D662B1B1D9371004AD1FE /* Main.storyboard in Resources */ = {isa = PBXBuildFile; fileRef = CD3D66291B1D9371004AD1FE /* Main.storyboard */; };
		CD3D662D1B1D9371004AD1FE /* Images.xcassets in Resources */ = {isa = PBXBuildFile; fileRef = CD3D662C1B1D9371004AD1FE /* Images.xcassets */; };
		CD3D66301B1D9371004AD1FE /* LaunchScreen.xib in Resources */ = {isa = PBXBuildFile; fileRef = CD3D662E1B1D9371004AD1FE /* LaunchScreen.xib */; };
		CD3D663C1B1D9371004AD1FE /* ToggleCellSwipeTests.swift in Sources */ = {isa = PBXBuildFile; fileRef = CD3D663B1B1D9371004AD1FE /* ToggleCellSwipeTests.swift */; };
		FD21B1715208ED75D46654DF /* Pods.framework in Frameworks */ = {isa = PBXBuildFile; fileRef = 48A0C1433F49864EF851F97D /* Pods.framework */; settings = {ATTRIBUTES = (Weak, ); }; };
/* End PBXBuildFile section */

/* Begin PBXContainerItemProxy section */
		CD3D66361B1D9371004AD1FE /* PBXContainerItemProxy */ = {
			isa = PBXContainerItemProxy;
			containerPortal = CD3D66161B1D9371004AD1FE /* Project object */;
			proxyType = 1;
			remoteGlobalIDString = CD3D661D1B1D9371004AD1FE;
			remoteInfo = ToggleCellSwipe;
		};
/* End PBXContainerItemProxy section */

/* Begin PBXFileReference section */
		39CC7B4B11E276B1845D58EA /* Pods.release.xcconfig */ = {isa = PBXFileReference; includeInIndex = 1; lastKnownFileType = text.xcconfig; name = Pods.release.xcconfig; path = "Pods/Target Support Files/Pods/Pods.release.xcconfig"; sourceTree = "<group>"; };
		48A0C1433F49864EF851F97D /* Pods.framework */ = {isa = PBXFileReference; explicitFileType = wrapper.framework; includeInIndex = 0; path = Pods.framework; sourceTree = BUILT_PRODUCTS_DIR; };
		CD3D661E1B1D9371004AD1FE /* ToggleCellSwipe.app */ = {isa = PBXFileReference; explicitFileType = wrapper.application; includeInIndex = 0; path = ToggleCellSwipe.app; sourceTree = BUILT_PRODUCTS_DIR; };
		CD3D66221B1D9371004AD1FE /* Info.plist */ = {isa = PBXFileReference; lastKnownFileType = text.plist.xml; path = Info.plist; sourceTree = "<group>"; };
		CD3D66231B1D9371004AD1FE /* AppDelegate.swift */ = {isa = PBXFileReference; lastKnownFileType = sourcecode.swift; path = AppDelegate.swift; sourceTree = "<group>"; };
		CD3D66251B1D9371004AD1FE /* MasterViewController.swift */ = {isa = PBXFileReference; lastKnownFileType = sourcecode.swift; path = MasterViewController.swift; sourceTree = "<group>"; };
		CD3D66271B1D9371004AD1FE /* DetailViewController.swift */ = {isa = PBXFileReference; lastKnownFileType = sourcecode.swift; path = DetailViewController.swift; sourceTree = "<group>"; };
		CD3D662A1B1D9371004AD1FE /* Base */ = {isa = PBXFileReference; lastKnownFileType = file.storyboard; name = Base; path = Base.lproj/Main.storyboard; sourceTree = "<group>"; };
		CD3D662C1B1D9371004AD1FE /* Images.xcassets */ = {isa = PBXFileReference; lastKnownFileType = folder.assetcatalog; path = Images.xcassets; sourceTree = "<group>"; };
		CD3D662F1B1D9371004AD1FE /* Base */ = {isa = PBXFileReference; lastKnownFileType = file.xib; name = Base; path = Base.lproj/LaunchScreen.xib; sourceTree = "<group>"; };
		CD3D66351B1D9371004AD1FE /* ToggleCellSwipeTests.xctest */ = {isa = PBXFileReference; explicitFileType = wrapper.cfbundle; includeInIndex = 0; path = ToggleCellSwipeTests.xctest; sourceTree = BUILT_PRODUCTS_DIR; };
		CD3D663A1B1D9371004AD1FE /* Info.plist */ = {isa = PBXFileReference; lastKnownFileType = text.plist.xml; path = Info.plist; sourceTree = "<group>"; };
		CD3D663B1B1D9371004AD1FE /* ToggleCellSwipeTests.swift */ = {isa = PBXFileReference; lastKnownFileType = sourcecode.swift; path = ToggleCellSwipeTests.swift; sourceTree = "<group>"; };
		E41E21BAB4109F2D465DCA4F /* Pods.debug.xcconfig */ = {isa = PBXFileReference; includeInIndex = 1; lastKnownFileType = text.xcconfig; name = Pods.debug.xcconfig; path = "Pods/Target Support Files/Pods/Pods.debug.xcconfig"; sourceTree = "<group>"; };
/* End PBXFileReference section */

/* Begin PBXFrameworksBuildPhase section */
		CD3D661B1B1D9371004AD1FE /* Frameworks */ = {
			isa = PBXFrameworksBuildPhase;
			buildActionMask = 2147483647;
			files = (
				FD21B1715208ED75D46654DF /* Pods.framework in Frameworks */,
			);
			runOnlyForDeploymentPostprocessing = 0;
		};
		CD3D66321B1D9371004AD1FE /* Frameworks */ = {
			isa = PBXFrameworksBuildPhase;
			buildActionMask = 2147483647;
			files = (
			);
			runOnlyForDeploymentPostprocessing = 0;
		};
/* End PBXFrameworksBuildPhase section */

/* Begin PBXGroup section */
		86903B5A3C7A55EFAD8630F3 /* Frameworks */ = {
			isa = PBXGroup;
			children = (
				48A0C1433F49864EF851F97D /* Pods.framework */,
			);
			name = Frameworks;
			sourceTree = "<group>";
		};
		8ABBD0F77BBD52776B647E19 /* Pods */ = {
			isa = PBXGroup;
			children = (
				E41E21BAB4109F2D465DCA4F /* Pods.debug.xcconfig */,
				39CC7B4B11E276B1845D58EA /* Pods.release.xcconfig */,
			);
			name = Pods;
			sourceTree = "<group>";
		};
		CD3D66151B1D9371004AD1FE = {
			isa = PBXGroup;
			children = (
				CD3D66201B1D9371004AD1FE /* ToggleCellSwipe */,
				CD3D66381B1D9371004AD1FE /* ToggleCellSwipeTests */,
				CD3D661F1B1D9371004AD1FE /* Products */,
				8ABBD0F77BBD52776B647E19 /* Pods */,
				86903B5A3C7A55EFAD8630F3 /* Frameworks */,
			);
			sourceTree = "<group>";
		};
		CD3D661F1B1D9371004AD1FE /* Products */ = {
			isa = PBXGroup;
			children = (
				CD3D661E1B1D9371004AD1FE /* ToggleCellSwipe.app */,
				CD3D66351B1D9371004AD1FE /* ToggleCellSwipeTests.xctest */,
			);
			name = Products;
			sourceTree = "<group>";
		};
		CD3D66201B1D9371004AD1FE /* ToggleCellSwipe */ = {
			isa = PBXGroup;
			children = (
				CD3D66231B1D9371004AD1FE /* AppDelegate.swift */,
				CD3D66251B1D9371004AD1FE /* MasterViewController.swift */,
				CD3D66271B1D9371004AD1FE /* DetailViewController.swift */,
				CD3D66291B1D9371004AD1FE /* Main.storyboard */,
				CD3D662C1B1D9371004AD1FE /* Images.xcassets */,
				CD3D662E1B1D9371004AD1FE /* LaunchScreen.xib */,
				CD3D66211B1D9371004AD1FE /* Supporting Files */,
			);
			path = ToggleCellSwipe;
			sourceTree = "<group>";
		};
		CD3D66211B1D9371004AD1FE /* Supporting Files */ = {
			isa = PBXGroup;
			children = (
				CD3D66221B1D9371004AD1FE /* Info.plist */,
			);
			name = "Supporting Files";
			sourceTree = "<group>";
		};
		CD3D66381B1D9371004AD1FE /* ToggleCellSwipeTests */ = {
			isa = PBXGroup;
			children = (
				CD3D663B1B1D9371004AD1FE /* ToggleCellSwipeTests.swift */,
				CD3D66391B1D9371004AD1FE /* Supporting Files */,
			);
			path = ToggleCellSwipeTests;
			sourceTree = "<group>";
		};
		CD3D66391B1D9371004AD1FE /* Supporting Files */ = {
			isa = PBXGroup;
			children = (
				CD3D663A1B1D9371004AD1FE /* Info.plist */,
			);
			name = "Supporting Files";
			sourceTree = "<group>";
		};
/* End PBXGroup section */

/* Begin PBXNativeTarget section */
		CD3D661D1B1D9371004AD1FE /* ToggleCellSwipe */ = {
			isa = PBXNativeTarget;
			buildConfigurationList = CD3D663F1B1D9371004AD1FE /* Build configuration list for PBXNativeTarget "ToggleCellSwipe" */;
			buildPhases = (
				5B2BF21320C145D7FA914100 /* Check Pods Manifest.lock */,
				CD3D661A1B1D9371004AD1FE /* Sources */,
				CD3D661B1B1D9371004AD1FE /* Frameworks */,
				CD3D661C1B1D9371004AD1FE /* Resources */,
				B8F59487938D7EA58C586ECE /* Copy Pods Resources */,
				C19450C1B74F9794665B3452 /* Embed Pods Frameworks */,
			);
			buildRules = (
			);
			dependencies = (
			);
			name = ToggleCellSwipe;
			productName = ToggleCellSwipe;
			productReference = CD3D661E1B1D9371004AD1FE /* ToggleCellSwipe.app */;
			productType = "com.apple.product-type.application";
		};
		CD3D66341B1D9371004AD1FE /* ToggleCellSwipeTests */ = {
			isa = PBXNativeTarget;
			buildConfigurationList = CD3D66421B1D9371004AD1FE /* Build configuration list for PBXNativeTarget "ToggleCellSwipeTests" */;
			buildPhases = (
				CD3D66311B1D9371004AD1FE /* Sources */,
				CD3D66321B1D9371004AD1FE /* Frameworks */,
				CD3D66331B1D9371004AD1FE /* Resources */,
			);
			buildRules = (
			);
			dependencies = (
				CD3D66371B1D9371004AD1FE /* PBXTargetDependency */,
			);
			name = ToggleCellSwipeTests;
			productName = ToggleCellSwipeTests;
			productReference = CD3D66351B1D9371004AD1FE /* ToggleCellSwipeTests.xctest */;
			productType = "com.apple.product-type.bundle.unit-test";
		};
/* End PBXNativeTarget section */

/* Begin PBXProject section */
		CD3D66161B1D9371004AD1FE /* Project object */ = {
			isa = PBXProject;
			attributes = {
				LastUpgradeCheck = 0630;
				ORGANIZATIONNAME = example;
				TargetAttributes = {
					CD3D661D1B1D9371004AD1FE = {
						CreatedOnToolsVersion = 6.3.1;
					};
					CD3D66341B1D9371004AD1FE = {
						CreatedOnToolsVersion = 6.3.1;
						TestTargetID = CD3D661D1B1D9371004AD1FE;
					};
				};
			};
			buildConfigurationList = CD3D66191B1D9371004AD1FE /* Build configuration list for PBXProject "ToggleCellSwipe" */;
			compatibilityVersion = "Xcode 3.2";
			developmentRegion = English;
			hasScannedForEncodings = 0;
			knownRegions = (
				en,
				Base,
			);
			mainGroup = CD3D66151B1D9371004AD1FE;
			productRefGroup = CD3D661F1B1D9371004AD1FE /* Products */;
			projectDirPath = "";
			projectRoot = "";
			targets = (
				CD3D661D1B1D9371004AD1FE /* ToggleCellSwipe */,
				CD3D66341B1D9371004AD1FE /* ToggleCellSwipeTests */,
			);
		};
/* End PBXProject section */

/* Begin PBXResourcesBuildPhase section */
		CD3D661C1B1D9371004AD1FE /* Resources */ = {
			isa = PBXResourcesBuildPhase;
			buildActionMask = 2147483647;
			files = (
				CD3D662B1B1D9371004AD1FE /* Main.storyboard in Resources */,
				CD3D66301B1D9371004AD1FE /* LaunchScreen.xib in Resources */,
				CD3D662D1B1D9371004AD1FE /* Images.xcassets in Resources */,
			);
			runOnlyForDeploymentPostprocessing = 0;
		};
		CD3D66331B1D9371004AD1FE /* Resources */ = {
			isa = PBXResourcesBuildPhase;
			buildActionMask = 2147483647;
			files = (
			);
			runOnlyForDeploymentPostprocessing = 0;
		};
/* End PBXResourcesBuildPhase section */

/* Begin PBXShellScriptBuildPhase section */
		5B2BF21320C145D7FA914100 /* Check Pods Manifest.lock */ = {
			isa = PBXShellScriptBuildPhase;
			buildActionMask = 2147483647;
			files = (
			);
			inputPaths = (
			);
			name = "Check Pods Manifest.lock";
			outputPaths = (
			);
			runOnlyForDeploymentPostprocessing = 0;
			shellPath = /bin/sh;
			shellScript = "diff \"${PODS_ROOT}/../Podfile.lock\" \"${PODS_ROOT}/Manifest.lock\" > /dev/null\nif [[ $? != 0 ]] ; then\n    cat << EOM\nerror: The sandbox is not in sync with the Podfile.lock. Run 'pod install' or update your CocoaPods installation.\nEOM\n    exit 1\nfi\n";
			showEnvVarsInLog = 0;
		};
		B8F59487938D7EA58C586ECE /* Copy Pods Resources */ = {
			isa = PBXShellScriptBuildPhase;
			buildActionMask = 2147483647;
			files = (
			);
			inputPaths = (
			);
			name = "Copy Pods Resources";
			outputPaths = (
			);
			runOnlyForDeploymentPostprocessing = 0;
			shellPath = /bin/sh;
			shellScript = "\"${SRCROOT}/Pods/Target Support Files/Pods/Pods-resources.sh\"\n";
			showEnvVarsInLog = 0;
		};
		C19450C1B74F9794665B3452 /* Embed Pods Frameworks */ = {
			isa = PBXShellScriptBuildPhase;
			buildActionMask = 2147483647;
			files = (
			);
			inputPaths = (
			);
			name = "Embed Pods Frameworks";
			outputPaths = (
			);
			runOnlyForDeploymentPostprocessing = 0;
			shellPath = /bin/sh;
			shellScript = "\"${SRCROOT}/Pods/Target Support Files/Pods/Pods-frameworks.sh\"\n";
			showEnvVarsInLog = 0;
		};
/* End PBXShellScriptBuildPhase section */

/* Begin PBXSourcesBuildPhase section */
		CD3D661A1B1D9371004AD1FE /* Sources */ = {
			isa = PBXSourcesBuildPhase;
			buildActionMask = 2147483647;
			files = (
				CD3D66281B1D9371004AD1FE /* DetailViewController.swift in Sources */,
				CD3D66261B1D9371004AD1FE /* MasterViewController.swift in Sources */,
				CD3D66241B1D9371004AD1FE /* AppDelegate.swift in Sources */,
			);
			runOnlyForDeploymentPostprocessing = 0;
		};
		CD3D66311B1D9371004AD1FE /* Sources */ = {
			isa = PBXSourcesBuildPhase;
			buildActionMask = 2147483647;
			files = (
				CD3D663C1B1D9371004AD1FE /* ToggleCellSwipeTests.swift in Sources */,
			);
			runOnlyForDeploymentPostprocessing = 0;
		};
/* End PBXSourcesBuildPhase section */

/* Begin PBXTargetDependency section */
		CD3D66371B1D9371004AD1FE /* PBXTargetDependency */ = {
			isa = PBXTargetDependency;
			target = CD3D661D1B1D9371004AD1FE /* ToggleCellSwipe */;
			targetProxy = CD3D66361B1D9371004AD1FE /* PBXContainerItemProxy */;
		};
/* End PBXTargetDependency section */

/* Begin PBXVariantGroup section */
		CD3D66291B1D9371004AD1FE /* Main.storyboard */ = {
			isa = PBXVariantGroup;
			children = (
				CD3D662A1B1D9371004AD1FE /* Base */,
			);
			name = Main.storyboard;
			sourceTree = "<group>";
		};
		CD3D662E1B1D9371004AD1FE /* LaunchScreen.xib */ = {
			isa = PBXVariantGroup;
			children = (
				CD3D662F1B1D9371004AD1FE /* Base */,
			);
			name = LaunchScreen.xib;
			sourceTree = "<group>";
		};
/* End PBXVariantGroup section */

/* Begin XCBuildConfiguration section */
		CD3D663D1B1D9371004AD1FE /* Debug */ = {
			isa = XCBuildConfiguration;
			buildSettings = {
				ALWAYS_SEARCH_USER_PATHS = NO;
				CLANG_CXX_LANGUAGE_STANDARD = "gnu++0x";
				CLANG_CXX_LIBRARY = "libc++";
				CLANG_ENABLE_MODULES = YES;
				CLANG_ENABLE_OBJC_ARC = YES;
				CLANG_WARN_BOOL_CONVERSION = YES;
				CLANG_WARN_CONSTANT_CONVERSION = YES;
				CLANG_WARN_DIRECT_OBJC_ISA_USAGE = YES_ERROR;
				CLANG_WARN_EMPTY_BODY = YES;
				CLANG_WARN_ENUM_CONVERSION = YES;
				CLANG_WARN_INT_CONVERSION = YES;
				CLANG_WARN_OBJC_ROOT_CLASS = YES_ERROR;
				CLANG_WARN_UNREACHABLE_CODE = YES;
				CLANG_WARN__DUPLICATE_METHOD_MATCH = YES;
				"CODE_SIGN_IDENTITY[sdk=iphoneos*]" = "iPhone Developer";
				COPY_PHASE_STRIP = NO;
				DEBUG_INFORMATION_FORMAT = "dwarf-with-dsym";
				ENABLE_STRICT_OBJC_MSGSEND = YES;
				GCC_C_LANGUAGE_STANDARD = gnu99;
				GCC_DYNAMIC_NO_PIC = NO;
				GCC_NO_COMMON_BLOCKS = YES;
				GCC_OPTIMIZATION_LEVEL = 0;
				GCC_PREPROCESSOR_DEFINITIONS = (
					"DEBUG=1",
					"$(inherited)",
				);
				GCC_SYMBOLS_PRIVATE_EXTERN = NO;
				GCC_WARN_64_TO_32_BIT_CONVERSION = YES;
				GCC_WARN_ABOUT_RETURN_TYPE = YES_ERROR;
				GCC_WARN_UNDECLARED_SELECTOR = YES;
				GCC_WARN_UNINITIALIZED_AUTOS = YES_AGGRESSIVE;
				GCC_WARN_UNUSED_FUNCTION = YES;
				GCC_WARN_UNUSED_VARIABLE = YES;
				IPHONEOS_DEPLOYMENT_TARGET = 8.3;
				MTL_ENABLE_DEBUG_INFO = YES;
				ONLY_ACTIVE_ARCH = YES;
				SDKROOT = iphoneos;
				SWIFT_OPTIMIZATION_LEVEL = "-Onone";
			};
			name = Debug;
		};
		CD3D663E1B1D9371004AD1FE /* Release */ = {
			isa = XCBuildConfiguration;
			buildSettings = {
				ALWAYS_SEARCH_USER_PATHS = NO;
				CLANG_CXX_LANGUAGE_STANDARD = "gnu++0x";
				CLANG_CXX_LIBRARY = "libc++";
				CLANG_ENABLE_MODULES = YES;
				CLANG_ENABLE_OBJC_ARC = YES;
				CLANG_WARN_BOOL_CONVERSION = YES;
				CLANG_WARN_CONSTANT_CONVERSION = YES;
				CLANG_WARN_DIRECT_OBJC_ISA_USAGE = YES_ERROR;
				CLANG_WARN_EMPTY_BODY = YES;
				CLANG_WARN_ENUM_CONVERSION = YES;
				CLANG_WARN_INT_CONVERSION = YES;
				CLANG_WARN_OBJC_ROOT_CLASS = YES_ERROR;
				CLANG_WARN_UNREACHABLE_CODE = YES;
				CLANG_WARN__DUPLICATE_METHOD_MATCH = YES;
				"CODE_SIGN_IDENTITY[sdk=iphoneos*]" = "iPhone Developer";
				COPY_PHASE_STRIP = NO;
				DEBUG_INFORMATION_FORMAT = "dwarf-with-dsym";
				ENABLE_NS_ASSERTIONS = NO;
				ENABLE_STRICT_OBJC_MSGSEND = YES;
				GCC_C_LANGUAGE_STANDARD = gnu99;
				GCC_NO_COMMON_BLOCKS = YES;
				GCC_WARN_64_TO_32_BIT_CONVERSION = YES;
				GCC_WARN_ABOUT_RETURN_TYPE = YES_ERROR;
				GCC_WARN_UNDECLARED_SELECTOR = YES;
				GCC_WARN_UNINITIALIZED_AUTOS = YES_AGGRESSIVE;
				GCC_WARN_UNUSED_FUNCTION = YES;
				GCC_WARN_UNUSED_VARIABLE = YES;
				IPHONEOS_DEPLOYMENT_TARGET = 8.3;
				MTL_ENABLE_DEBUG_INFO = NO;
				SDKROOT = iphoneos;
				VALIDATE_PRODUCT = YES;
			};
			name = Release;
		};
		CD3D66401B1D9371004AD1FE /* Debug */ = {
			isa = XCBuildConfiguration;
			baseConfigurationReference = E41E21BAB4109F2D465DCA4F /* Pods.debug.xcconfig */;
			buildSettings = {
				ASSETCATALOG_COMPILER_APPICON_NAME = AppIcon;
				INFOPLIST_FILE = ToggleCellSwipe/Info.plist;
				LD_RUNPATH_SEARCH_PATHS = "$(inherited) @executable_path/Frameworks";
				PRODUCT_NAME = "$(TARGET_NAME)";
			};
			name = Debug;
		};
		CD3D66411B1D9371004AD1FE /* Release */ = {
			isa = XCBuildConfiguration;
			baseConfigurationReference = 39CC7B4B11E276B1845D58EA /* Pods.release.xcconfig */;
			buildSettings = {
				ASSETCATALOG_COMPILER_APPICON_NAME = AppIcon;
				INFOPLIST_FILE = ToggleCellSwipe/Info.plist;
				LD_RUNPATH_SEARCH_PATHS = "$(inherited) @executable_path/Frameworks";
				PRODUCT_NAME = "$(TARGET_NAME)";
			};
			name = Release;
		};
		CD3D66431B1D9371004AD1FE /* Debug */ = {
			isa = XCBuildConfiguration;
			buildSettings = {
				BUNDLE_LOADER = "$(TEST_HOST)";
				FRAMEWORK_SEARCH_PATHS = (
					"$(SDKROOT)/Developer/Library/Frameworks",
					"$(inherited)",
				);
				GCC_PREPROCESSOR_DEFINITIONS = (
					"DEBUG=1",
					"$(inherited)",
				);
				INFOPLIST_FILE = ToggleCellSwipeTests/Info.plist;
				LD_RUNPATH_SEARCH_PATHS = "$(inherited) @executable_path/Frameworks @loader_path/Frameworks";
				PRODUCT_NAME = "$(TARGET_NAME)";
				TEST_HOST = "$(BUILT_PRODUCTS_DIR)/ToggleCellSwipe.app/ToggleCellSwipe";
			};
			name = Debug;
		};
		CD3D66441B1D9371004AD1FE /* Release */ = {
			isa = XCBuildConfiguration;
			buildSettings = {
				BUNDLE_LOADER = "$(TEST_HOST)";
				FRAMEWORK_SEARCH_PATHS = (
					"$(SDKROOT)/Developer/Library/Frameworks",
					"$(inherited)",
				);
				INFOPLIST_FILE = ToggleCellSwipeTests/Info.plist;
				LD_RUNPATH_SEARCH_PATHS = "$(inherited) @executable_path/Frameworks @loader_path/Frameworks";
				PRODUCT_NAME = "$(TARGET_NAME)";
				TEST_HOST = "$(BUILT_PRODUCTS_DIR)/ToggleCellSwipe.app/ToggleCellSwipe";
			};
			name = Release;
		};
/* End XCBuildConfiguration section */

/* Begin XCConfigurationList section */
		CD3D66191B1D9371004AD1FE /* Build configuration list for PBXProject "ToggleCellSwipe" */ = {
			isa = XCConfigurationList;
			buildConfigurations = (
				CD3D663D1B1D9371004AD1FE /* Debug */,
				CD3D663E1B1D9371004AD1FE /* Release */,
			);
			defaultConfigurationIsVisible = 0;
			defaultConfigurationName = Release;
		};
		CD3D663F1B1D9371004AD1FE /* Build configuration list for PBXNativeTarget "ToggleCellSwipe" */ = {
			isa = XCConfigurationList;
			buildConfigurations = (
				CD3D66401B1D9371004AD1FE /* Debug */,
				CD3D66411B1D9371004AD1FE /* Release */,
			);
			defaultConfigurationIsVisible = 0;
			defaultConfigurationName = Release;
		};
		CD3D66421B1D9371004AD1FE /* Build configuration list for PBXNativeTarget "ToggleCellSwipeTests" */ = {
			isa = XCConfigurationList;
			buildConfigurations = (
				CD3D66431B1D9371004AD1FE /* Debug */,
				CD3D66441B1D9371004AD1FE /* Release */,
			);
			defaultConfigurationIsVisible = 0;
			defaultConfigurationName = Release;
		};
/* End XCConfigurationList section */
	};
	rootObject = CD3D66161B1D9371004AD1FE /* Project object */;
}
